Microsoft Visual Studio Solution File, Format Version 12.00
# Visual Studio 15
VisualStudioVersion = 15.0.27004.2002
MinimumVisualStudioVersion = 10.0.40219.1
Project("{2150E333-8FDC-42A3-9474-1A3956D46DE8}") = "targets", "targets", "{801A9F75-24F6-4D8C-A884-98C6BE76986B}"
EndProject
Project("{2150E333-8FDC-42A3-9474-1A3956D46DE8}") = "modules", "modules", "{74D2F004-44D9-4BEE-AEA7-51DFA9FD027C}"
EndProject
Project("{2150E333-8FDC-42A3-9474-1A3956D46DE8}") = "hosts", "hosts", "{62C7829F-E191-4104-AD01-8E110FD44D67}"
EndProject
Project("{9A19103F-16F7-4668-BE54-9A1E7A4F7556}") = "CRMCore.Application.Targets", "src\targets\CRMCore.Application.Targets\CRMCore.Application.Targets.csproj", "{4D9E1B42-374D-4C6A-B7FA-08681EF5F259}"
EndProject
Project("{9A19103F-16F7-4668-BE54-9A1E7A4F7556}") = "CRMCore.Application.Crm.targets", "src\targets\CRMCore.Application.Crm.targets\CRMCore.Application.Crm.targets.csproj", "{84B858B7-8758-4430-A971-3AC3A107F0B8}"
EndProject
Project("{9A19103F-16F7-4668-BE54-9A1E7A4F7556}") = "CRMCore.Module.Targets", "src\targets\CRMCore.Module.Targets\CRMCore.Module.Targets.csproj", "{6851B274-D743-4F6E-AEED-08D4CEC7ABA9}"
EndProject
Project("{2150E333-8FDC-42A3-9474-1A3956D46DE8}") = "Solution Items", "Solution Items", "{2C6A94DA-F9EE-48E7-94E8-A068C594BD2E}"
	ProjectSection(SolutionItems) = preProject
		.gitignore = .gitignore
		.travis.yml = .travis.yml
		appveyor.yml = appveyor.yml
		global.json = global.json
		LICENSE = LICENSE
		README.md = README.md
	EndProjectSection
EndProject
Project("{9A19103F-16F7-4668-BE54-9A1E7A4F7556}") = "CRMCore.WebApp", "src\hosts\CRMCore.WebApp\CRMCore.WebApp.csproj", "{F9FEFFA8-47B5-4A80-AD50-D5C516DCADBA}"
EndProject
Project("{2150E333-8FDC-42A3-9474-1A3956D46DE8}") = "themes", "themes", "{2069487F-E9F5-43BE-8C26-E7807F57C203}"
	ProjectSection(SolutionItems) = preProject
		src\themes\Directory.Build.props = src\themes\Directory.Build.props
	EndProjectSection
EndProject
Project("{9A19103F-16F7-4668-BE54-9A1E7A4F7556}") = "CRMCore.Theme", "src\themes\CRMCore.Theme\CRMCore.Theme.csproj", "{8A91B5B4-9963-4435-8A5E-25DF2D4ECF1B}"
EndProject
Project("{9A19103F-16F7-4668-BE54-9A1E7A4F7556}") = "CRMCore.Theme.Targets", "src\targets\CRMCore.Theme.Targets\CRMCore.Theme.Targets.csproj", "{5015C00D-00CF-4C7D-B745-63B8F5361F2B}"
EndProject
Project("{2150E333-8FDC-42A3-9474-1A3956D46DE8}") = "__", "__", "{D702221E-5229-4637-A4C1-AF187D973DBD}"
EndProject
Project("{9A19103F-16F7-4668-BE54-9A1E7A4F7556}") = "CRMCore.DBMigration.Console", "src\hosts\CRMCore.DBMigration.Console\CRMCore.DBMigration.Console.csproj", "{52F4E36F-05D5-4E95-AF40-0BF2989A2288}"
EndProject
Project("{9A19103F-16F7-4668-BE54-9A1E7A4F7556}") = "CRMCore.Application.Migration.targets", "src\targets\CRMCore.Application.Migration.targets\CRMCore.Application.Migration.targets.csproj", "{8B7FC470-F389-410A-A711-9A99EB79D6B8}"
EndProject
Project("{2150E333-8FDC-42A3-9474-1A3956D46DE8}") = "support", "support", "{18C4BB63-4369-4DF3-87D2-B203F0917F1E}"
	ProjectSection(SolutionItems) = preProject
		src\modules\support\Directory.Build.props = src\modules\support\Directory.Build.props
	EndProjectSection
EndProject
Project("{2150E333-8FDC-42A3-9474-1A3956D46DE8}") = "core", "core", "{B6747FCA-7273-4891-8CEB-3CF8C93D8F95}"
	ProjectSection(SolutionItems) = preProject
		src\modules\core\Directory.Build.props = src\modules\core\Directory.Build.props
	EndProjectSection
EndProject
Project("{2150E333-8FDC-42A3-9474-1A3956D46DE8}") = "crm", "crm", "{7C9ACFC1-00F0-4547-9AF4-1A0E43AE1935}"
	ProjectSection(SolutionItems) = preProject
		src\modules\crm\Directory.Build.props = src\modules\crm\Directory.Build.props
	EndProjectSection
EndProject
Project("{9A19103F-16F7-4668-BE54-9A1E7A4F7556}") = "CRMCore.Module.Common", "src\modules\crm\CRMCore.Module.Common\CRMCore.Module.Common.csproj", "{1E8E42AD-2057-40D1-8C23-1BE6C335E643}"
EndProject
Project("{9A19103F-16F7-4668-BE54-9A1E7A4F7556}") = "CRMCore.Module.Contact", "src\modules\crm\CRMCore.Module.Contact\CRMCore.Module.Contact.csproj", "{52289E90-F920-41CE-B4AB-220CE1933E47}"
EndProject
Project("{9A19103F-16F7-4668-BE54-9A1E7A4F7556}") = "CRMCore.Module.Migration", "src\modules\crm\CRMCore.Module.Migration\CRMCore.Module.Migration.csproj", "{C996F9D0-D69C-4168-B1AC-848B4DFE6695}"
EndProject
Project("{9A19103F-16F7-4668-BE54-9A1E7A4F7556}") = "CRMCore.Module.Setup", "src\modules\crm\CRMCore.Module.Setup\CRMCore.Module.Setup.csproj", "{EB3ACCF5-98B9-4FA2-9912-485B03F7CFDC}"
EndProject
Project("{9A19103F-16F7-4668-BE54-9A1E7A4F7556}") = "CRMCore.Module.Spa", "src\modules\crm\CRMCore.Module.Spa\CRMCore.Module.Spa.csproj", "{789E4D74-F8CF-4631-98B5-EB5B3072982E}"
EndProject
Project("{9A19103F-16F7-4668-BE54-9A1E7A4F7556}") = "CRMCore.Module.Task", "src\modules\crm\CRMCore.Module.Task\CRMCore.Module.Task.csproj", "{1C794D05-1EE4-4F1C-9087-95E5D765FD16}"
EndProject
Project("{9A19103F-16F7-4668-BE54-9A1E7A4F7556}") = "CRMCore.Module.CustomCollection", "src\modules\core\CRMCore.Module.CustomCollection\CRMCore.Module.CustomCollection.csproj", "{F3D63B80-F78E-43D1-AC5C-8167CB011D48}"
EndProject
Project("{9A19103F-16F7-4668-BE54-9A1E7A4F7556}") = "CRMCore.Module.Identity", "src\modules\core\CRMCore.Module.Identity\CRMCore.Module.Identity.csproj", "{407FB2BE-E9D6-4C9C-80EB-1BBFC81D234D}"
EndProject
Project("{9A19103F-16F7-4668-BE54-9A1E7A4F7556}") = "CRMCore.Module.Data", "src\modules\core\CRMCore.Module.Data\CRMCore.Module.Data.csproj", "{EE4CA6DF-0F74-4962-B102-5DA53DD8FF76}"
EndProject
Project("{2150E333-8FDC-42A3-9474-1A3956D46DE8}") = "base", "base", "{E71DEB4F-1656-46AA-979F-0211977DE983}"
EndProject
Project("{9A19103F-16F7-4668-BE54-9A1E7A4F7556}") = "CRMCore.Module.Entities", "src\modules\base\CRMCore.Module.Entities\CRMCore.Module.Entities.csproj", "{A3971BCB-B342-4267-9783-D4C6A56A8391}"
EndProject
Project("{9A19103F-16F7-4668-BE54-9A1E7A4F7556}") = "CRMCore.Module.MvcCore", "src\modules\base\CRMCore.Module.MvcCore\CRMCore.Module.MvcCore.csproj", "{AFA2A443-4642-4C86-A3EC-106122E22D5B}"
EndProject
Project("{9A19103F-16F7-4668-BE54-9A1E7A4F7556}") = "CRMCore.Module.Data.SqlServer", "src\modules\support\CRMCore.Module.Data.SqlServer\CRMCore.Module.Data.SqlServer.csproj", "{C1668722-949E-495A-B6A9-12D49B810041}"
EndProject
Project("{9A19103F-16F7-4668-BE54-9A1E7A4F7556}") = "CRMCore.Module.ReDoc", "src\modules\support\CRMCore.Module.ReDoc\CRMCore.Module.ReDoc.csproj", "{A9068043-B2DD-4E36-AF0D-AA5A918CFBEC}"
EndProject
Project("{9A19103F-16F7-4668-BE54-9A1E7A4F7556}") = "CRMCore.Module.Swagger", "src\modules\support\CRMCore.Module.Swagger\CRMCore.Module.Swagger.csproj", "{72596C0C-FDB0-40FB-90AC-01752A080118}"
EndProject
Project("{FAE04EC0-301F-11D3-BF4B-00C04F79EFBC}") = "CRMCore.Module.GraphQL", "src\modules\crm\CRMCore.Module.GraphQL\CRMCore.Module.GraphQL.csproj", "{7ECB9B94-009E-4331-A924-5663C2111788}"
EndProject
Global
	GlobalSection(SolutionConfigurationPlatforms) = preSolution
		Debug|Any CPU = Debug|Any CPU
		Release|Any CPU = Release|Any CPU
	EndGlobalSection
	GlobalSection(ProjectConfigurationPlatforms) = postSolution
		{4D9E1B42-374D-4C6A-B7FA-08681EF5F259}.Debug|Any CPU.ActiveCfg = Debug|Any CPU
		{4D9E1B42-374D-4C6A-B7FA-08681EF5F259}.Debug|Any CPU.Build.0 = Debug|Any CPU
		{4D9E1B42-374D-4C6A-B7FA-08681EF5F259}.Release|Any CPU.ActiveCfg = Release|Any CPU
		{4D9E1B42-374D-4C6A-B7FA-08681EF5F259}.Release|Any CPU.Build.0 = Release|Any CPU
		{84B858B7-8758-4430-A971-3AC3A107F0B8}.Debug|Any CPU.ActiveCfg = Debug|Any CPU
		{84B858B7-8758-4430-A971-3AC3A107F0B8}.Debug|Any CPU.Build.0 = Debug|Any CPU
		{84B858B7-8758-4430-A971-3AC3A107F0B8}.Release|Any CPU.ActiveCfg = Release|Any CPU
		{84B858B7-8758-4430-A971-3AC3A107F0B8}.Release|Any CPU.Build.0 = Release|Any CPU
		{6851B274-D743-4F6E-AEED-08D4CEC7ABA9}.Debug|Any CPU.ActiveCfg = Debug|Any CPU
		{6851B274-D743-4F6E-AEED-08D4CEC7ABA9}.Debug|Any CPU.Build.0 = Debug|Any CPU
		{6851B274-D743-4F6E-AEED-08D4CEC7ABA9}.Release|Any CPU.ActiveCfg = Release|Any CPU
		{6851B274-D743-4F6E-AEED-08D4CEC7ABA9}.Release|Any CPU.Build.0 = Release|Any CPU
		{F9FEFFA8-47B5-4A80-AD50-D5C516DCADBA}.Debug|Any CPU.ActiveCfg = Debug|Any CPU
		{F9FEFFA8-47B5-4A80-AD50-D5C516DCADBA}.Debug|Any CPU.Build.0 = Debug|Any CPU
		{F9FEFFA8-47B5-4A80-AD50-D5C516DCADBA}.Release|Any CPU.ActiveCfg = Release|Any CPU
		{F9FEFFA8-47B5-4A80-AD50-D5C516DCADBA}.Release|Any CPU.Build.0 = Release|Any CPU
		{8A91B5B4-9963-4435-8A5E-25DF2D4ECF1B}.Debug|Any CPU.ActiveCfg = Debug|Any CPU
		{8A91B5B4-9963-4435-8A5E-25DF2D4ECF1B}.Debug|Any CPU.Build.0 = Debug|Any CPU
		{8A91B5B4-9963-4435-8A5E-25DF2D4ECF1B}.Release|Any CPU.ActiveCfg = Release|Any CPU
		{8A91B5B4-9963-4435-8A5E-25DF2D4ECF1B}.Release|Any CPU.Build.0 = Release|Any CPU
		{5015C00D-00CF-4C7D-B745-63B8F5361F2B}.Debug|Any CPU.ActiveCfg = Debug|Any CPU
		{5015C00D-00CF-4C7D-B745-63B8F5361F2B}.Debug|Any CPU.Build.0 = Debug|Any CPU
		{5015C00D-00CF-4C7D-B745-63B8F5361F2B}.Release|Any CPU.ActiveCfg = Release|Any CPU
		{5015C00D-00CF-4C7D-B745-63B8F5361F2B}.Release|Any CPU.Build.0 = Release|Any CPU
		{52F4E36F-05D5-4E95-AF40-0BF2989A2288}.Debug|Any CPU.ActiveCfg = Debug|Any CPU
		{52F4E36F-05D5-4E95-AF40-0BF2989A2288}.Debug|Any CPU.Build.0 = Debug|Any CPU
		{52F4E36F-05D5-4E95-AF40-0BF2989A2288}.Release|Any CPU.ActiveCfg = Release|Any CPU
		{52F4E36F-05D5-4E95-AF40-0BF2989A2288}.Release|Any CPU.Build.0 = Release|Any CPU
		{8B7FC470-F389-410A-A711-9A99EB79D6B8}.Debug|Any CPU.ActiveCfg = Debug|Any CPU
		{8B7FC470-F389-410A-A711-9A99EB79D6B8}.Debug|Any CPU.Build.0 = Debug|Any CPU
		{8B7FC470-F389-410A-A711-9A99EB79D6B8}.Release|Any CPU.ActiveCfg = Release|Any CPU
		{8B7FC470-F389-410A-A711-9A99EB79D6B8}.Release|Any CPU.Build.0 = Release|Any CPU
		{1E8E42AD-2057-40D1-8C23-1BE6C335E643}.Debug|Any CPU.ActiveCfg = Debug|Any CPU
		{1E8E42AD-2057-40D1-8C23-1BE6C335E643}.Debug|Any CPU.Build.0 = Debug|Any CPU
		{1E8E42AD-2057-40D1-8C23-1BE6C335E643}.Release|Any CPU.ActiveCfg = Release|Any CPU
		{1E8E42AD-2057-40D1-8C23-1BE6C335E643}.Release|Any CPU.Build.0 = Release|Any CPU
		{52289E90-F920-41CE-B4AB-220CE1933E47}.Debug|Any CPU.ActiveCfg = Debug|Any CPU
		{52289E90-F920-41CE-B4AB-220CE1933E47}.Debug|Any CPU.Build.0 = Debug|Any CPU
		{52289E90-F920-41CE-B4AB-220CE1933E47}.Release|Any CPU.ActiveCfg = Release|Any CPU
		{52289E90-F920-41CE-B4AB-220CE1933E47}.Release|Any CPU.Build.0 = Release|Any CPU
		{C996F9D0-D69C-4168-B1AC-848B4DFE6695}.Debug|Any CPU.ActiveCfg = Debug|Any CPU
		{C996F9D0-D69C-4168-B1AC-848B4DFE6695}.Debug|Any CPU.Build.0 = Debug|Any CPU
		{C996F9D0-D69C-4168-B1AC-848B4DFE6695}.Release|Any CPU.ActiveCfg = Release|Any CPU
		{C996F9D0-D69C-4168-B1AC-848B4DFE6695}.Release|Any CPU.Build.0 = Release|Any CPU
		{EB3ACCF5-98B9-4FA2-9912-485B03F7CFDC}.Debug|Any CPU.ActiveCfg = Debug|Any CPU
		{EB3ACCF5-98B9-4FA2-9912-485B03F7CFDC}.Debug|Any CPU.Build.0 = Debug|Any CPU
		{EB3ACCF5-98B9-4FA2-9912-485B03F7CFDC}.Release|Any CPU.ActiveCfg = Release|Any CPU
		{EB3ACCF5-98B9-4FA2-9912-485B03F7CFDC}.Release|Any CPU.Build.0 = Release|Any CPU
		{789E4D74-F8CF-4631-98B5-EB5B3072982E}.Debug|Any CPU.ActiveCfg = Debug|Any CPU
		{789E4D74-F8CF-4631-98B5-EB5B3072982E}.Debug|Any CPU.Build.0 = Debug|Any CPU
		{789E4D74-F8CF-4631-98B5-EB5B3072982E}.Release|Any CPU.ActiveCfg = Release|Any CPU
		{789E4D74-F8CF-4631-98B5-EB5B3072982E}.Release|Any CPU.Build.0 = Release|Any CPU
		{1C794D05-1EE4-4F1C-9087-95E5D765FD16}.Debug|Any CPU.ActiveCfg = Debug|Any CPU
		{1C794D05-1EE4-4F1C-9087-95E5D765FD16}.Debug|Any CPU.Build.0 = Debug|Any CPU
		{1C794D05-1EE4-4F1C-9087-95E5D765FD16}.Release|Any CPU.ActiveCfg = Release|Any CPU
		{1C794D05-1EE4-4F1C-9087-95E5D765FD16}.Release|Any CPU.Build.0 = Release|Any CPU
		{F3D63B80-F78E-43D1-AC5C-8167CB011D48}.Debug|Any CPU.ActiveCfg = Debug|Any CPU
		{F3D63B80-F78E-43D1-AC5C-8167CB011D48}.Debug|Any CPU.Build.0 = Debug|Any CPU
		{F3D63B80-F78E-43D1-AC5C-8167CB011D48}.Release|Any CPU.ActiveCfg = Release|Any CPU
		{F3D63B80-F78E-43D1-AC5C-8167CB011D48}.Release|Any CPU.Build.0 = Release|Any CPU
		{407FB2BE-E9D6-4C9C-80EB-1BBFC81D234D}.Debug|Any CPU.ActiveCfg = Debug|Any CPU
		{407FB2BE-E9D6-4C9C-80EB-1BBFC81D234D}.Debug|Any CPU.Build.0 = Debug|Any CPU
		{407FB2BE-E9D6-4C9C-80EB-1BBFC81D234D}.Release|Any CPU.ActiveCfg = Release|Any CPU
		{407FB2BE-E9D6-4C9C-80EB-1BBFC81D234D}.Release|Any CPU.Build.0 = Release|Any CPU
		{EE4CA6DF-0F74-4962-B102-5DA53DD8FF76}.Debug|Any CPU.ActiveCfg = Debug|Any CPU
		{EE4CA6DF-0F74-4962-B102-5DA53DD8FF76}.Debug|Any CPU.Build.0 = Debug|Any CPU
		{EE4CA6DF-0F74-4962-B102-5DA53DD8FF76}.Release|Any CPU.ActiveCfg = Release|Any CPU
		{EE4CA6DF-0F74-4962-B102-5DA53DD8FF76}.Release|Any CPU.Build.0 = Release|Any CPU
		{A3971BCB-B342-4267-9783-D4C6A56A8391}.Debug|Any CPU.ActiveCfg = Debug|Any CPU
		{A3971BCB-B342-4267-9783-D4C6A56A8391}.Debug|Any CPU.Build.0 = Debug|Any CPU
		{A3971BCB-B342-4267-9783-D4C6A56A8391}.Release|Any CPU.ActiveCfg = Release|Any CPU
		{A3971BCB-B342-4267-9783-D4C6A56A8391}.Release|Any CPU.Build.0 = Release|Any CPU
		{AFA2A443-4642-4C86-A3EC-106122E22D5B}.Debug|Any CPU.ActiveCfg = Debug|Any CPU
		{AFA2A443-4642-4C86-A3EC-106122E22D5B}.Debug|Any CPU.Build.0 = Debug|Any CPU
		{AFA2A443-4642-4C86-A3EC-106122E22D5B}.Release|Any CPU.ActiveCfg = Release|Any CPU
		{AFA2A443-4642-4C86-A3EC-106122E22D5B}.Release|Any CPU.Build.0 = Release|Any CPU
		{C1668722-949E-495A-B6A9-12D49B810041}.Debug|Any CPU.ActiveCfg = Debug|Any CPU
		{C1668722-949E-495A-B6A9-12D49B810041}.Debug|Any CPU.Build.0 = Debug|Any CPU
		{C1668722-949E-495A-B6A9-12D49B810041}.Release|Any CPU.ActiveCfg = Release|Any CPU
		{C1668722-949E-495A-B6A9-12D49B810041}.Release|Any CPU.Build.0 = Release|Any CPU
		{A9068043-B2DD-4E36-AF0D-AA5A918CFBEC}.Debug|Any CPU.ActiveCfg = Debug|Any CPU
		{A9068043-B2DD-4E36-AF0D-AA5A918CFBEC}.Debug|Any CPU.Build.0 = Debug|Any CPU
		{A9068043-B2DD-4E36-AF0D-AA5A918CFBEC}.Release|Any CPU.ActiveCfg = Release|Any CPU
		{A9068043-B2DD-4E36-AF0D-AA5A918CFBEC}.Release|Any CPU.Build.0 = Release|Any CPU
		{72596C0C-FDB0-40FB-90AC-01752A080118}.Debug|Any CPU.ActiveCfg = Debug|Any CPU
		{72596C0C-FDB0-40FB-90AC-01752A080118}.Debug|Any CPU.Build.0 = Debug|Any CPU
		{72596C0C-FDB0-40FB-90AC-01752A080118}.Release|Any CPU.ActiveCfg = Release|Any CPU
		{72596C0C-FDB0-40FB-90AC-01752A080118}.Release|Any CPU.Build.0 = Release|Any CPU
		{7ECB9B94-009E-4331-A924-5663C2111788}.Debug|Any CPU.ActiveCfg = Debug|Any CPU
		{7ECB9B94-009E-4331-A924-5663C2111788}.Debug|Any CPU.Build.0 = Debug|Any CPU
		{7ECB9B94-009E-4331-A924-5663C2111788}.Release|Any CPU.ActiveCfg = Release|Any CPU
		{7ECB9B94-009E-4331-A924-5663C2111788}.Release|Any CPU.Build.0 = Release|Any CPU
	EndGlobalSection
	GlobalSection(SolutionProperties) = preSolution
		HideSolutionNode = FALSE
	EndGlobalSection
	GlobalSection(NestedProjects) = preSolution
		{4D9E1B42-374D-4C6A-B7FA-08681EF5F259} = {801A9F75-24F6-4D8C-A884-98C6BE76986B}
		{84B858B7-8758-4430-A971-3AC3A107F0B8} = {801A9F75-24F6-4D8C-A884-98C6BE76986B}
		{6851B274-D743-4F6E-AEED-08D4CEC7ABA9} = {801A9F75-24F6-4D8C-A884-98C6BE76986B}
		{2C6A94DA-F9EE-48E7-94E8-A068C594BD2E} = {D702221E-5229-4637-A4C1-AF187D973DBD}
		{F9FEFFA8-47B5-4A80-AD50-D5C516DCADBA} = {62C7829F-E191-4104-AD01-8E110FD44D67}
		{8A91B5B4-9963-4435-8A5E-25DF2D4ECF1B} = {2069487F-E9F5-43BE-8C26-E7807F57C203}
		{5015C00D-00CF-4C7D-B745-63B8F5361F2B} = {801A9F75-24F6-4D8C-A884-98C6BE76986B}
		{52F4E36F-05D5-4E95-AF40-0BF2989A2288} = {62C7829F-E191-4104-AD01-8E110FD44D67}
		{8B7FC470-F389-410A-A711-9A99EB79D6B8} = {801A9F75-24F6-4D8C-A884-98C6BE76986B}
		{18C4BB63-4369-4DF3-87D2-B203F0917F1E} = {74D2F004-44D9-4BEE-AEA7-51DFA9FD027C}
		{B6747FCA-7273-4891-8CEB-3CF8C93D8F95} = {74D2F004-44D9-4BEE-AEA7-51DFA9FD027C}
		{7C9ACFC1-00F0-4547-9AF4-1A0E43AE1935} = {74D2F004-44D9-4BEE-AEA7-51DFA9FD027C}
		{1E8E42AD-2057-40D1-8C23-1BE6C335E643} = {7C9ACFC1-00F0-4547-9AF4-1A0E43AE1935}
		{52289E90-F920-41CE-B4AB-220CE1933E47} = {7C9ACFC1-00F0-4547-9AF4-1A0E43AE1935}
		{C996F9D0-D69C-4168-B1AC-848B4DFE6695} = {7C9ACFC1-00F0-4547-9AF4-1A0E43AE1935}
		{EB3ACCF5-98B9-4FA2-9912-485B03F7CFDC} = {7C9ACFC1-00F0-4547-9AF4-1A0E43AE1935}
		{789E4D74-F8CF-4631-98B5-EB5B3072982E} = {7C9ACFC1-00F0-4547-9AF4-1A0E43AE1935}
		{1C794D05-1EE4-4F1C-9087-95E5D765FD16} = {7C9ACFC1-00F0-4547-9AF4-1A0E43AE1935}
		{F3D63B80-F78E-43D1-AC5C-8167CB011D48} = {B6747FCA-7273-4891-8CEB-3CF8C93D8F95}
		{407FB2BE-E9D6-4C9C-80EB-1BBFC81D234D} = {B6747FCA-7273-4891-8CEB-3CF8C93D8F95}
		{EE4CA6DF-0F74-4962-B102-5DA53DD8FF76} = {B6747FCA-7273-4891-8CEB-3CF8C93D8F95}
		{E71DEB4F-1656-46AA-979F-0211977DE983} = {74D2F004-44D9-4BEE-AEA7-51DFA9FD027C}
		{A3971BCB-B342-4267-9783-D4C6A56A8391} = {E71DEB4F-1656-46AA-979F-0211977DE983}
		{AFA2A443-4642-4C86-A3EC-106122E22D5B} = {E71DEB4F-1656-46AA-979F-0211977DE983}
		{C1668722-949E-495A-B6A9-12D49B810041} = {18C4BB63-4369-4DF3-87D2-B203F0917F1E}
		{A9068043-B2DD-4E36-AF0D-AA5A918CFBEC} = {18C4BB63-4369-4DF3-87D2-B203F0917F1E}
		{72596C0C-FDB0-40FB-90AC-01752A080118} = {18C4BB63-4369-4DF3-87D2-B203F0917F1E}
		{7ECB9B94-009E-4331-A924-5663C2111788} = {7C9ACFC1-00F0-4547-9AF4-1A0E43AE1935}
	EndGlobalSection
	GlobalSection(ExtensibilityGlobals) = postSolution
		SolutionGuid = {3171C67F-EFB1-46FF-A566-6DC6C1E80FC5}
	EndGlobalSection
EndGlobal
