Microsoft Visual Studio Solution File, Format Version 12.00
# Visual Studio 15
VisualStudioVersion = 15.0.27004.2002
MinimumVisualStudioVersion = 10.0.40219.1
Project("{2150E333-8FDC-42A3-9474-1A3956D46DE8}") = "Targets", "Targets", "{801A9F75-24F6-4D8C-A884-98C6BE76986B}"
EndProject
Project("{2150E333-8FDC-42A3-9474-1A3956D46DE8}") = "Modules", "Modules", "{74D2F004-44D9-4BEE-AEA7-51DFA9FD027C}"
	ProjectSection(SolutionItems) = preProject
		src\modules\Directory.Build.props = src\modules\Directory.Build.props
	EndProjectSection
EndProject
Project("{2150E333-8FDC-42A3-9474-1A3956D46DE8}") = "Hosts", "Hosts", "{62C7829F-E191-4104-AD01-8E110FD44D67}"
EndProject
Project("{9A19103F-16F7-4668-BE54-9A1E7A4F7556}") = "CRMCore.Application.Targets", "src\targets\CRMCore.Application.Targets\CRMCore.Application.Targets.csproj", "{4D9E1B42-374D-4C6A-B7FA-08681EF5F259}"
EndProject
Project("{9A19103F-16F7-4668-BE54-9A1E7A4F7556}") = "CRMCore.Application.Crm.targets", "src\targets\CRMCore.Application.Crm.targets\CRMCore.Application.Crm.targets.csproj", "{84B858B7-8758-4430-A971-3AC3A107F0B8}"
EndProject
Project("{9A19103F-16F7-4668-BE54-9A1E7A4F7556}") = "CRMCore.Module.Targets", "src\targets\CRMCore.Module.Targets\CRMCore.Module.Targets.csproj", "{6851B274-D743-4F6E-AEED-08D4CEC7ABA9}"
EndProject
Project("{2150E333-8FDC-42A3-9474-1A3956D46DE8}") = "Framework", "Framework", "{77413DBB-9C3A-4094-8A67-8FA6B2E40A34}"
EndProject
Project("{2150E333-8FDC-42A3-9474-1A3956D46DE8}") = "Solution Items", "Solution Items", "{2C6A94DA-F9EE-48E7-94E8-A068C594BD2E}"
	ProjectSection(SolutionItems) = preProject
		.gitignore = .gitignore
		.travis.yml = .travis.yml
		appveyor.yml = appveyor.yml
		global.json = global.json
		LICENSE = LICENSE
		README.md = README.md
	EndProjectSection
EndProject
Project("{9A19103F-16F7-4668-BE54-9A1E7A4F7556}") = "CRMCore.Framework.Entities", "src\framework\CRMCore.Framework.Entities\CRMCore.Framework.Entities.csproj", "{21CC0341-8CAD-4DFD-A405-26A093858855}"
EndProject
Project("{9A19103F-16F7-4668-BE54-9A1E7A4F7556}") = "CRMCore.Module.Identity", "src\modules\CRMCore.Module.Identity\CRMCore.Module.Identity.csproj", "{D889EBBB-846D-4283-8370-7966F554A07C}"
EndProject
Project("{9A19103F-16F7-4668-BE54-9A1E7A4F7556}") = "CRMCore.Framework.MvcCore", "src\framework\CRMCore.Framework.MvcCore\CRMCore.Framework.MvcCore.csproj", "{96045E78-5C10-4956-B0EF-8806C8722F18}"
EndProject
Project("{9A19103F-16F7-4668-BE54-9A1E7A4F7556}") = "CRMCore.Module.Data", "src\modules\CRMCore.Module.Data\CRMCore.Module.Data.csproj", "{FDD180F8-80B7-440D-94D5-46FE416CF0AD}"
EndProject
Project("{9A19103F-16F7-4668-BE54-9A1E7A4F7556}") = "CRMCore.Module.Communication", "src\modules\CRMCore.Module.Communication\CRMCore.Module.Communication.csproj", "{EF45240D-3236-4E24-9B4B-A8F8D8CAA598}"
EndProject
Project("{2150E333-8FDC-42A3-9474-1A3956D46DE8}") = "Crm", "Crm", "{837B5FF2-B91A-4DA7-9D9E-9837F5B715C2}"
EndProject
Project("{9A19103F-16F7-4668-BE54-9A1E7A4F7556}") = "CRMCore.Module.Common", "src\crm\CRMCore.Module.Common\CRMCore.Module.Common.csproj", "{8EAA1F1E-9FE4-460A-B75A-700E0859C784}"
EndProject
Project("{9A19103F-16F7-4668-BE54-9A1E7A4F7556}") = "CRMCore.Module.Contact", "src\crm\CRMCore.Module.Contact\CRMCore.Module.Contact.csproj", "{E1AA719F-4619-4F95-A2B6-037FA4006683}"
EndProject
Project("{9A19103F-16F7-4668-BE54-9A1E7A4F7556}") = "CRMCore.Framework.CqrsLite", "src\framework\CRMCore.Framework.CqrsLite\CRMCore.Framework.CqrsLite.csproj", "{AD414459-BE54-449E-B42D-81A0980C671C}"
EndProject
Project("{9A19103F-16F7-4668-BE54-9A1E7A4F7556}") = "CRMCore.WebApp", "src\hosts\CRMCore.WebApp\CRMCore.WebApp.csproj", "{F9FEFFA8-47B5-4A80-AD50-D5C516DCADBA}"
EndProject
Project("{2150E333-8FDC-42A3-9474-1A3956D46DE8}") = "Themes", "Themes", "{2069487F-E9F5-43BE-8C26-E7807F57C203}"
	ProjectSection(SolutionItems) = preProject
		src\themes\Directory.Build.props = src\themes\Directory.Build.props
	EndProjectSection
EndProject
Project("{9A19103F-16F7-4668-BE54-9A1E7A4F7556}") = "CRMCore.Theme", "src\themes\CRMCore.Theme\CRMCore.Theme.csproj", "{8A91B5B4-9963-4435-8A5E-25DF2D4ECF1B}"
EndProject
Project("{9A19103F-16F7-4668-BE54-9A1E7A4F7556}") = "CRMCore.Theme.Targets", "src\targets\CRMCore.Theme.Targets\CRMCore.Theme.Targets.csproj", "{5015C00D-00CF-4C7D-B745-63B8F5361F2B}"
EndProject
Project("{9A19103F-16F7-4668-BE54-9A1E7A4F7556}") = "CRMCore.Module.Setup", "src\crm\CRMCore.Module.Setup\CRMCore.Module.Setup.csproj", "{0CB57AF1-801B-48AA-91E8-10C08A539A55}"
EndProject
Project("{9A19103F-16F7-4668-BE54-9A1E7A4F7556}") = "CRMCore.Module.Spa", "src\crm\CRMCore.Module.Spa\CRMCore.Module.Spa.csproj", "{4E8DD3CB-A2D9-44DF-AD04-B2A2FC46E988}"
EndProject
Project("{2150E333-8FDC-42A3-9474-1A3956D46DE8}") = "_RootFolders", "_RootFolders", "{D702221E-5229-4637-A4C1-AF187D973DBD}"
EndProject
Project("{9A19103F-16F7-4668-BE54-9A1E7A4F7556}") = "CRMCore.Module.Schema", "src\modules\CRMCore.Module.Schema\CRMCore.Module.Schema.csproj", "{2B197BB9-B76D-4CE6-BF74-B013DEF683DF}"
EndProject
Project("{9A19103F-16F7-4668-BE54-9A1E7A4F7556}") = "CRMCore.Module.ReDoc", "src\modules\CRMCore.Module.ReDoc\CRMCore.Module.ReDoc.csproj", "{DDE3A5E3-BE46-464F-9124-02ECC5D7FA2D}"
EndProject
Project("{9A19103F-16F7-4668-BE54-9A1E7A4F7556}") = "CRMCore.Module.Swagger", "src\modules\CRMCore.Module.Swagger\CRMCore.Module.Swagger.csproj", "{5781E96F-53FA-4772-92C8-E9578363CAB1}"
EndProject
Project("{9A19103F-16F7-4668-BE54-9A1E7A4F7556}") = "CRMCore.DBMigration.Console", "src\hosts\CRMCore.DBMigration.Console\CRMCore.DBMigration.Console.csproj", "{52F4E36F-05D5-4E95-AF40-0BF2989A2288}"
EndProject
Project("{FAE04EC0-301F-11D3-BF4B-00C04F79EFBC}") = "CRMCore.Infrastructure", "src\framework\CRMCore.Infrastructure\CRMCore.Infrastructure.csproj", "{AF26DAAF-B8B5-4642-AD08-301B17937AF9}"
EndProject
Global
	GlobalSection(SolutionConfigurationPlatforms) = preSolution
		Debug|Any CPU = Debug|Any CPU
		Release|Any CPU = Release|Any CPU
	EndGlobalSection
	GlobalSection(ProjectConfigurationPlatforms) = postSolution
		{4D9E1B42-374D-4C6A-B7FA-08681EF5F259}.Debug|Any CPU.ActiveCfg = Debug|Any CPU
		{4D9E1B42-374D-4C6A-B7FA-08681EF5F259}.Debug|Any CPU.Build.0 = Debug|Any CPU
		{4D9E1B42-374D-4C6A-B7FA-08681EF5F259}.Release|Any CPU.ActiveCfg = Release|Any CPU
		{4D9E1B42-374D-4C6A-B7FA-08681EF5F259}.Release|Any CPU.Build.0 = Release|Any CPU
		{84B858B7-8758-4430-A971-3AC3A107F0B8}.Debug|Any CPU.ActiveCfg = Debug|Any CPU
		{84B858B7-8758-4430-A971-3AC3A107F0B8}.Debug|Any CPU.Build.0 = Debug|Any CPU
		{84B858B7-8758-4430-A971-3AC3A107F0B8}.Release|Any CPU.ActiveCfg = Release|Any CPU
		{84B858B7-8758-4430-A971-3AC3A107F0B8}.Release|Any CPU.Build.0 = Release|Any CPU
		{6851B274-D743-4F6E-AEED-08D4CEC7ABA9}.Debug|Any CPU.ActiveCfg = Debug|Any CPU
		{6851B274-D743-4F6E-AEED-08D4CEC7ABA9}.Debug|Any CPU.Build.0 = Debug|Any CPU
		{6851B274-D743-4F6E-AEED-08D4CEC7ABA9}.Release|Any CPU.ActiveCfg = Release|Any CPU
		{6851B274-D743-4F6E-AEED-08D4CEC7ABA9}.Release|Any CPU.Build.0 = Release|Any CPU
		{21CC0341-8CAD-4DFD-A405-26A093858855}.Debug|Any CPU.ActiveCfg = Debug|Any CPU
		{21CC0341-8CAD-4DFD-A405-26A093858855}.Debug|Any CPU.Build.0 = Debug|Any CPU
		{21CC0341-8CAD-4DFD-A405-26A093858855}.Release|Any CPU.ActiveCfg = Release|Any CPU
		{21CC0341-8CAD-4DFD-A405-26A093858855}.Release|Any CPU.Build.0 = Release|Any CPU
		{D889EBBB-846D-4283-8370-7966F554A07C}.Debug|Any CPU.ActiveCfg = Debug|Any CPU
		{D889EBBB-846D-4283-8370-7966F554A07C}.Debug|Any CPU.Build.0 = Debug|Any CPU
		{D889EBBB-846D-4283-8370-7966F554A07C}.Release|Any CPU.ActiveCfg = Release|Any CPU
		{D889EBBB-846D-4283-8370-7966F554A07C}.Release|Any CPU.Build.0 = Release|Any CPU
		{96045E78-5C10-4956-B0EF-8806C8722F18}.Debug|Any CPU.ActiveCfg = Debug|Any CPU
		{96045E78-5C10-4956-B0EF-8806C8722F18}.Debug|Any CPU.Build.0 = Debug|Any CPU
		{96045E78-5C10-4956-B0EF-8806C8722F18}.Release|Any CPU.ActiveCfg = Release|Any CPU
		{96045E78-5C10-4956-B0EF-8806C8722F18}.Release|Any CPU.Build.0 = Release|Any CPU
		{FDD180F8-80B7-440D-94D5-46FE416CF0AD}.Debug|Any CPU.ActiveCfg = Debug|Any CPU
		{FDD180F8-80B7-440D-94D5-46FE416CF0AD}.Debug|Any CPU.Build.0 = Debug|Any CPU
		{FDD180F8-80B7-440D-94D5-46FE416CF0AD}.Release|Any CPU.ActiveCfg = Release|Any CPU
		{FDD180F8-80B7-440D-94D5-46FE416CF0AD}.Release|Any CPU.Build.0 = Release|Any CPU
		{EF45240D-3236-4E24-9B4B-A8F8D8CAA598}.Debug|Any CPU.ActiveCfg = Debug|Any CPU
		{EF45240D-3236-4E24-9B4B-A8F8D8CAA598}.Debug|Any CPU.Build.0 = Debug|Any CPU
		{EF45240D-3236-4E24-9B4B-A8F8D8CAA598}.Release|Any CPU.ActiveCfg = Release|Any CPU
		{EF45240D-3236-4E24-9B4B-A8F8D8CAA598}.Release|Any CPU.Build.0 = Release|Any CPU
		{8EAA1F1E-9FE4-460A-B75A-700E0859C784}.Debug|Any CPU.ActiveCfg = Debug|Any CPU
		{8EAA1F1E-9FE4-460A-B75A-700E0859C784}.Debug|Any CPU.Build.0 = Debug|Any CPU
		{8EAA1F1E-9FE4-460A-B75A-700E0859C784}.Release|Any CPU.ActiveCfg = Release|Any CPU
		{8EAA1F1E-9FE4-460A-B75A-700E0859C784}.Release|Any CPU.Build.0 = Release|Any CPU
		{E1AA719F-4619-4F95-A2B6-037FA4006683}.Debug|Any CPU.ActiveCfg = Debug|Any CPU
		{E1AA719F-4619-4F95-A2B6-037FA4006683}.Debug|Any CPU.Build.0 = Debug|Any CPU
		{E1AA719F-4619-4F95-A2B6-037FA4006683}.Release|Any CPU.ActiveCfg = Release|Any CPU
		{E1AA719F-4619-4F95-A2B6-037FA4006683}.Release|Any CPU.Build.0 = Release|Any CPU
		{AD414459-BE54-449E-B42D-81A0980C671C}.Debug|Any CPU.ActiveCfg = Debug|Any CPU
		{AD414459-BE54-449E-B42D-81A0980C671C}.Debug|Any CPU.Build.0 = Debug|Any CPU
		{AD414459-BE54-449E-B42D-81A0980C671C}.Release|Any CPU.ActiveCfg = Release|Any CPU
		{AD414459-BE54-449E-B42D-81A0980C671C}.Release|Any CPU.Build.0 = Release|Any CPU
		{F9FEFFA8-47B5-4A80-AD50-D5C516DCADBA}.Debug|Any CPU.ActiveCfg = Debug|Any CPU
		{F9FEFFA8-47B5-4A80-AD50-D5C516DCADBA}.Debug|Any CPU.Build.0 = Debug|Any CPU
		{F9FEFFA8-47B5-4A80-AD50-D5C516DCADBA}.Release|Any CPU.ActiveCfg = Release|Any CPU
		{F9FEFFA8-47B5-4A80-AD50-D5C516DCADBA}.Release|Any CPU.Build.0 = Release|Any CPU
		{8A91B5B4-9963-4435-8A5E-25DF2D4ECF1B}.Debug|Any CPU.ActiveCfg = Debug|Any CPU
		{8A91B5B4-9963-4435-8A5E-25DF2D4ECF1B}.Debug|Any CPU.Build.0 = Debug|Any CPU
		{8A91B5B4-9963-4435-8A5E-25DF2D4ECF1B}.Release|Any CPU.ActiveCfg = Release|Any CPU
		{8A91B5B4-9963-4435-8A5E-25DF2D4ECF1B}.Release|Any CPU.Build.0 = Release|Any CPU
		{5015C00D-00CF-4C7D-B745-63B8F5361F2B}.Debug|Any CPU.ActiveCfg = Debug|Any CPU
		{5015C00D-00CF-4C7D-B745-63B8F5361F2B}.Debug|Any CPU.Build.0 = Debug|Any CPU
		{5015C00D-00CF-4C7D-B745-63B8F5361F2B}.Release|Any CPU.ActiveCfg = Release|Any CPU
		{5015C00D-00CF-4C7D-B745-63B8F5361F2B}.Release|Any CPU.Build.0 = Release|Any CPU
		{0CB57AF1-801B-48AA-91E8-10C08A539A55}.Debug|Any CPU.ActiveCfg = Debug|Any CPU
		{0CB57AF1-801B-48AA-91E8-10C08A539A55}.Debug|Any CPU.Build.0 = Debug|Any CPU
		{0CB57AF1-801B-48AA-91E8-10C08A539A55}.Release|Any CPU.ActiveCfg = Release|Any CPU
		{0CB57AF1-801B-48AA-91E8-10C08A539A55}.Release|Any CPU.Build.0 = Release|Any CPU
		{4E8DD3CB-A2D9-44DF-AD04-B2A2FC46E988}.Debug|Any CPU.ActiveCfg = Debug|Any CPU
		{4E8DD3CB-A2D9-44DF-AD04-B2A2FC46E988}.Debug|Any CPU.Build.0 = Debug|Any CPU
		{4E8DD3CB-A2D9-44DF-AD04-B2A2FC46E988}.Release|Any CPU.ActiveCfg = Release|Any CPU
		{4E8DD3CB-A2D9-44DF-AD04-B2A2FC46E988}.Release|Any CPU.Build.0 = Release|Any CPU
		{2B197BB9-B76D-4CE6-BF74-B013DEF683DF}.Debug|Any CPU.ActiveCfg = Debug|Any CPU
		{2B197BB9-B76D-4CE6-BF74-B013DEF683DF}.Debug|Any CPU.Build.0 = Debug|Any CPU
		{2B197BB9-B76D-4CE6-BF74-B013DEF683DF}.Release|Any CPU.ActiveCfg = Release|Any CPU
		{2B197BB9-B76D-4CE6-BF74-B013DEF683DF}.Release|Any CPU.Build.0 = Release|Any CPU
		{DDE3A5E3-BE46-464F-9124-02ECC5D7FA2D}.Debug|Any CPU.ActiveCfg = Debug|Any CPU
		{DDE3A5E3-BE46-464F-9124-02ECC5D7FA2D}.Debug|Any CPU.Build.0 = Debug|Any CPU
		{DDE3A5E3-BE46-464F-9124-02ECC5D7FA2D}.Release|Any CPU.ActiveCfg = Release|Any CPU
		{DDE3A5E3-BE46-464F-9124-02ECC5D7FA2D}.Release|Any CPU.Build.0 = Release|Any CPU
		{5781E96F-53FA-4772-92C8-E9578363CAB1}.Debug|Any CPU.ActiveCfg = Debug|Any CPU
		{5781E96F-53FA-4772-92C8-E9578363CAB1}.Debug|Any CPU.Build.0 = Debug|Any CPU
		{5781E96F-53FA-4772-92C8-E9578363CAB1}.Release|Any CPU.ActiveCfg = Release|Any CPU
		{5781E96F-53FA-4772-92C8-E9578363CAB1}.Release|Any CPU.Build.0 = Release|Any CPU
		{52F4E36F-05D5-4E95-AF40-0BF2989A2288}.Debug|Any CPU.ActiveCfg = Debug|Any CPU
		{52F4E36F-05D5-4E95-AF40-0BF2989A2288}.Debug|Any CPU.Build.0 = Debug|Any CPU
		{52F4E36F-05D5-4E95-AF40-0BF2989A2288}.Release|Any CPU.ActiveCfg = Release|Any CPU
		{52F4E36F-05D5-4E95-AF40-0BF2989A2288}.Release|Any CPU.Build.0 = Release|Any CPU
		{AF26DAAF-B8B5-4642-AD08-301B17937AF9}.Debug|Any CPU.ActiveCfg = Debug|Any CPU
		{AF26DAAF-B8B5-4642-AD08-301B17937AF9}.Debug|Any CPU.Build.0 = Debug|Any CPU
		{AF26DAAF-B8B5-4642-AD08-301B17937AF9}.Release|Any CPU.ActiveCfg = Release|Any CPU
		{AF26DAAF-B8B5-4642-AD08-301B17937AF9}.Release|Any CPU.Build.0 = Release|Any CPU
	EndGlobalSection
	GlobalSection(SolutionProperties) = preSolution
		HideSolutionNode = FALSE
	EndGlobalSection
	GlobalSection(NestedProjects) = preSolution
		{4D9E1B42-374D-4C6A-B7FA-08681EF5F259} = {801A9F75-24F6-4D8C-A884-98C6BE76986B}
		{84B858B7-8758-4430-A971-3AC3A107F0B8} = {801A9F75-24F6-4D8C-A884-98C6BE76986B}
		{6851B274-D743-4F6E-AEED-08D4CEC7ABA9} = {801A9F75-24F6-4D8C-A884-98C6BE76986B}
		{2C6A94DA-F9EE-48E7-94E8-A068C594BD2E} = {D702221E-5229-4637-A4C1-AF187D973DBD}
		{21CC0341-8CAD-4DFD-A405-26A093858855} = {77413DBB-9C3A-4094-8A67-8FA6B2E40A34}
		{D889EBBB-846D-4283-8370-7966F554A07C} = {74D2F004-44D9-4BEE-AEA7-51DFA9FD027C}
		{96045E78-5C10-4956-B0EF-8806C8722F18} = {77413DBB-9C3A-4094-8A67-8FA6B2E40A34}
		{FDD180F8-80B7-440D-94D5-46FE416CF0AD} = {74D2F004-44D9-4BEE-AEA7-51DFA9FD027C}
		{EF45240D-3236-4E24-9B4B-A8F8D8CAA598} = {74D2F004-44D9-4BEE-AEA7-51DFA9FD027C}
		{8EAA1F1E-9FE4-460A-B75A-700E0859C784} = {837B5FF2-B91A-4DA7-9D9E-9837F5B715C2}
		{E1AA719F-4619-4F95-A2B6-037FA4006683} = {837B5FF2-B91A-4DA7-9D9E-9837F5B715C2}
		{AD414459-BE54-449E-B42D-81A0980C671C} = {77413DBB-9C3A-4094-8A67-8FA6B2E40A34}
		{F9FEFFA8-47B5-4A80-AD50-D5C516DCADBA} = {62C7829F-E191-4104-AD01-8E110FD44D67}
		{8A91B5B4-9963-4435-8A5E-25DF2D4ECF1B} = {2069487F-E9F5-43BE-8C26-E7807F57C203}
		{5015C00D-00CF-4C7D-B745-63B8F5361F2B} = {801A9F75-24F6-4D8C-A884-98C6BE76986B}
		{0CB57AF1-801B-48AA-91E8-10C08A539A55} = {837B5FF2-B91A-4DA7-9D9E-9837F5B715C2}
		{4E8DD3CB-A2D9-44DF-AD04-B2A2FC46E988} = {837B5FF2-B91A-4DA7-9D9E-9837F5B715C2}
		{2B197BB9-B76D-4CE6-BF74-B013DEF683DF} = {74D2F004-44D9-4BEE-AEA7-51DFA9FD027C}
		{DDE3A5E3-BE46-464F-9124-02ECC5D7FA2D} = {74D2F004-44D9-4BEE-AEA7-51DFA9FD027C}
		{5781E96F-53FA-4772-92C8-E9578363CAB1} = {74D2F004-44D9-4BEE-AEA7-51DFA9FD027C}
		{52F4E36F-05D5-4E95-AF40-0BF2989A2288} = {62C7829F-E191-4104-AD01-8E110FD44D67}
		{AF26DAAF-B8B5-4642-AD08-301B17937AF9} = {77413DBB-9C3A-4094-8A67-8FA6B2E40A34}
	EndGlobalSection
	GlobalSection(ExtensibilityGlobals) = postSolution
		SolutionGuid = {3171C67F-EFB1-46FF-A566-6DC6C1E80FC5}
	EndGlobalSection
EndGlobal
